// !$*UTF8*$!
{
	archiveVersion = 1;
	classes = {
	};
	objectVersion = 56;
	objects = {

/* Begin PBXBuildFile section */
		04A717FC2BCC08080038FBF1 /* AppDelegate.swift in Sources */ = {isa = PBXBuildFile; fileRef = 04A717FB2BCC08080038FBF1 /* AppDelegate.swift */; };
		04A717FE2BCC08080038FBF1 /* SceneDelegate.swift in Sources */ = {isa = PBXBuildFile; fileRef = 04A717FD2BCC08080038FBF1 /* SceneDelegate.swift */; };
		04A718002BCC08080038FBF1 /* ViewController.swift in Sources */ = {isa = PBXBuildFile; fileRef = 04A717FF2BCC08080038FBF1 /* ViewController.swift */; };
		04A718052BCC080C0038FBF1 /* Assets.xcassets in Resources */ = {isa = PBXBuildFile; fileRef = 04A718042BCC080C0038FBF1 /* Assets.xcassets */; };
		04A718082BCC080C0038FBF1 /* LaunchScreen.storyboard in Resources */ = {isa = PBXBuildFile; fileRef = 04A718062BCC080C0038FBF1 /* LaunchScreen.storyboard */; };
		04A718142BCC12220038FBF1 /* SecondPageViewController.swift in Sources */ = {isa = PBXBuildFile; fileRef = 04A718132BCC12220038FBF1 /* SecondPageViewController.swift */; };
		04A718162BCC22EC0038FBF1 /* NewCardController.swift in Sources */ = {isa = PBXBuildFile; fileRef = 04A718152BCC22EC0038FBF1 /* NewCardController.swift */; };
		04A718182BCC5FB90038FBF1 /* UserChoose.swift in Sources */ = {isa = PBXBuildFile; fileRef = 04A718172BCC5FB90038FBF1 /* UserChoose.swift */; };
		04A7181B2BCC60060038FBF1 /* UserArray.swift in Sources */ = {isa = PBXBuildFile; fileRef = 04A7181A2BCC60060038FBF1 /* UserArray.swift */; };
		04A7181D2BCC687A0038FBF1 /* MainController.swift in Sources */ = {isa = PBXBuildFile; fileRef = 04A7181C2BCC687A0038FBF1 /* MainController.swift */; };
		04A7181F2BCC71B80038FBF1 /* UserChooseCell.swift in Sources */ = {isa = PBXBuildFile; fileRef = 04A7181E2BCC71B80038FBF1 /* UserChooseCell.swift */; };
/* End PBXBuildFile section */

/* Begin PBXFileReference section */
		04A717F82BCC08080038FBF1 /* WuwunApp.app */ = {isa = PBXFileReference; explicitFileType = wrapper.application; includeInIndex = 0; path = WuwunApp.app; sourceTree = BUILT_PRODUCTS_DIR; };
		04A717FB2BCC08080038FBF1 /* AppDelegate.swift */ = {isa = PBXFileReference; lastKnownFileType = sourcecode.swift; path = AppDelegate.swift; sourceTree = "<group>"; };
		04A717FD2BCC08080038FBF1 /* SceneDelegate.swift */ = {isa = PBXFileReference; lastKnownFileType = sourcecode.swift; path = SceneDelegate.swift; sourceTree = "<group>"; };
		04A717FF2BCC08080038FBF1 /* ViewController.swift */ = {isa = PBXFileReference; lastKnownFileType = sourcecode.swift; path = ViewController.swift; sourceTree = "<group>"; };
		04A718042BCC080C0038FBF1 /* Assets.xcassets */ = {isa = PBXFileReference; lastKnownFileType = folder.assetcatalog; path = Assets.xcassets; sourceTree = "<group>"; };
		04A718072BCC080C0038FBF1 /* Base */ = {isa = PBXFileReference; lastKnownFileType = file.storyboard; name = Base; path = Base.lproj/LaunchScreen.storyboard; sourceTree = "<group>"; };
		04A718092BCC080C0038FBF1 /* Info.plist */ = {isa = PBXFileReference; lastKnownFileType = text.plist.xml; path = Info.plist; sourceTree = "<group>"; };
		04A718132BCC12220038FBF1 /* SecondPageViewController.swift */ = {isa = PBXFileReference; lastKnownFileType = sourcecode.swift; path = SecondPageViewController.swift; sourceTree = "<group>"; };
		04A718152BCC22EC0038FBF1 /* NewCardController.swift */ = {isa = PBXFileReference; lastKnownFileType = sourcecode.swift; path = NewCardController.swift; sourceTree = "<group>"; };
		04A718172BCC5FB90038FBF1 /* UserChoose.swift */ = {isa = PBXFileReference; lastKnownFileType = sourcecode.swift; path = UserChoose.swift; sourceTree = "<group>"; };
		04A7181A2BCC60060038FBF1 /* UserArray.swift */ = {isa = PBXFileReference; lastKnownFileType = sourcecode.swift; path = UserArray.swift; sourceTree = "<group>"; };
		04A7181C2BCC687A0038FBF1 /* MainController.swift */ = {isa = PBXFileReference; lastKnownFileType = sourcecode.swift; path = MainController.swift; sourceTree = "<group>"; };
		04A7181E2BCC71B80038FBF1 /* UserChooseCell.swift */ = {isa = PBXFileReference; lastKnownFileType = sourcecode.swift; path = UserChooseCell.swift; sourceTree = "<group>"; };
/* End PBXFileReference section */

/* Begin PBXFrameworksBuildPhase section */
		04A717F52BCC08080038FBF1 /* Frameworks */ = {
			isa = PBXFrameworksBuildPhase;
			buildActionMask = 2147483647;
			files = (
			);
			runOnlyForDeploymentPostprocessing = 0;
		};
/* End PBXFrameworksBuildPhase section */

/* Begin PBXGroup section */
		04A717EF2BCC08080038FBF1 = {
			isa = PBXGroup;
			children = (
				04A717FA2BCC08080038FBF1 /* WuwunApp */,
				04A717F92BCC08080038FBF1 /* Products */,
			);
			sourceTree = "<group>";
		};
		04A717F92BCC08080038FBF1 /* Products */ = {
			isa = PBXGroup;
			children = (
				04A717F82BCC08080038FBF1 /* WuwunApp.app */,
			);
			name = Products;
			sourceTree = "<group>";
		};
		04A717FA2BCC08080038FBF1 /* WuwunApp */ = {
			isa = PBXGroup;
			children = (
				04A718192BCC5FC20038FBF1 /* Models */,
				04A7180F2BCC085E0038FBF1 /* Controllers */,
				04A717FB2BCC08080038FBF1 /* AppDelegate.swift */,
				04A717FD2BCC08080038FBF1 /* SceneDelegate.swift */,
				04A718042BCC080C0038FBF1 /* Assets.xcassets */,
				04A718062BCC080C0038FBF1 /* LaunchScreen.storyboard */,
				04A718092BCC080C0038FBF1 /* Info.plist */,
			);
			path = WuwunApp;
			sourceTree = "<group>";
		};
		04A7180F2BCC085E0038FBF1 /* Controllers */ = {
			isa = PBXGroup;
			children = (
				04A717FF2BCC08080038FBF1 /* ViewController.swift */,
				04A718132BCC12220038FBF1 /* SecondPageViewController.swift */,
				04A718152BCC22EC0038FBF1 /* NewCardController.swift */,
				04A7181C2BCC687A0038FBF1 /* MainController.swift */,
			);
			path = Controllers;
			sourceTree = "<group>";
		};
		04A718192BCC5FC20038FBF1 /* Models */ = {
			isa = PBXGroup;
			children = (
				04A718172BCC5FB90038FBF1 /* UserChoose.swift */,
				04A7181A2BCC60060038FBF1 /* UserArray.swift */,
				04A7181E2BCC71B80038FBF1 /* UserChooseCell.swift */,
			);
			path = Models;
			sourceTree = "<group>";
		};
/* End PBXGroup section */

/* Begin PBXNativeTarget section */
		04A717F72BCC08080038FBF1 /* WuwunApp */ = {
			isa = PBXNativeTarget;
			buildConfigurationList = 04A7180C2BCC080C0038FBF1 /* Build configuration list for PBXNativeTarget "WuwunApp" */;
			buildPhases = (
				04A717F42BCC08080038FBF1 /* Sources */,
				04A717F52BCC08080038FBF1 /* Frameworks */,
				04A717F62BCC08080038FBF1 /* Resources */,
			);
			buildRules = (
			);
			dependencies = (
			);
			name = WuwunApp;
			productName = WuwunApp;
			productReference = 04A717F82BCC08080038FBF1 /* WuwunApp.app */;
			productType = "com.apple.product-type.application";
		};
/* End PBXNativeTarget section */

/* Begin PBXProject section */
		04A717F02BCC08080038FBF1 /* Project object */ = {
			isa = PBXProject;
			attributes = {
				BuildIndependentTargetsInParallel = 1;
				LastSwiftUpdateCheck = 1420;
				LastUpgradeCheck = 1420;
				TargetAttributes = {
					04A717F72BCC08080038FBF1 = {
						CreatedOnToolsVersion = 14.2;
					};
				};
			};
			buildConfigurationList = 04A717F32BCC08080038FBF1 /* Build configuration list for PBXProject "WuwunApp" */;
			compatibilityVersion = "Xcode 14.0";
			developmentRegion = en;
			hasScannedForEncodings = 0;
			knownRegions = (
				en,
				Base,
			);
			mainGroup = 04A717EF2BCC08080038FBF1;
			productRefGroup = 04A717F92BCC08080038FBF1 /* Products */;
			projectDirPath = "";
			projectRoot = "";
			targets = (
				04A717F72BCC08080038FBF1 /* WuwunApp */,
			);
		};
/* End PBXProject section */

/* Begin PBXResourcesBuildPhase section */
		04A717F62BCC08080038FBF1 /* Resources */ = {
			isa = PBXResourcesBuildPhase;
			buildActionMask = 2147483647;
			files = (
				04A718082BCC080C0038FBF1 /* LaunchScreen.storyboard in Resources */,
				04A718052BCC080C0038FBF1 /* Assets.xcassets in Resources */,
			);
			runOnlyForDeploymentPostprocessing = 0;
		};
/* End PBXResourcesBuildPhase section */

/* Begin PBXSourcesBuildPhase section */
		04A717F42BCC08080038FBF1 /* Sources */ = {
			isa = PBXSourcesBuildPhase;
			buildActionMask = 2147483647;
			files = (
				04A7181D2BCC687A0038FBF1 /* MainController.swift in Sources */,
				04A718162BCC22EC0038FBF1 /* NewCardController.swift in Sources */,
				04A718002BCC08080038FBF1 /* ViewController.swift in Sources */,
				04A7181F2BCC71B80038FBF1 /* UserChooseCell.swift in Sources */,
				04A717FC2BCC08080038FBF1 /* AppDelegate.swift in Sources */,
				04A7181B2BCC60060038FBF1 /* UserArray.swift in Sources */,
				04A717FE2BCC08080038FBF1 /* SceneDelegate.swift in Sources */,
				04A718142BCC12220038FBF1 /* SecondPageViewController.swift in Sources */,
				04A718182BCC5FB90038FBF1 /* UserChoose.swift in Sources */,
			);
			runOnlyForDeploymentPostprocessing = 0;
		};
/* End PBXSourcesBuildPhase section */

/* Begin PBXVariantGroup section */
		04A718062BCC080C0038FBF1 /* LaunchScreen.storyboard */ = {
			isa = PBXVariantGroup;
			children = (
				04A718072BCC080C0038FBF1 /* Base */,
			);
			name = LaunchScreen.storyboard;
			sourceTree = "<group>";
		};
/* End PBXVariantGroup section */

/* Begin XCBuildConfiguration section */
		04A7180A2BCC080C0038FBF1 /* Debug */ = {
			isa = XCBuildConfiguration;
			buildSettings = {
				ALWAYS_SEARCH_USER_PATHS = NO;
				CLANG_ANALYZER_NONNULL = YES;
				CLANG_ANALYZER_NUMBER_OBJECT_CONVERSION = YES_AGGRESSIVE;
				CLANG_CXX_LANGUAGE_STANDARD = "gnu++20";
				CLANG_ENABLE_MODULES = YES;
				CLANG_ENABLE_OBJC_ARC = YES;
				CLANG_ENABLE_OBJC_WEAK = YES;
				CLANG_WARN_BLOCK_CAPTURE_AUTORELEASING = YES;
				CLANG_WARN_BOOL_CONVERSION = YES;
				CLANG_WARN_COMMA = YES;
				CLANG_WARN_CONSTANT_CONVERSION = YES;
				CLANG_WARN_DEPRECATED_OBJC_IMPLEMENTATIONS = YES;
				CLANG_WARN_DIRECT_OBJC_ISA_USAGE = YES_ERROR;
				CLANG_WARN_DOCUMENTATION_COMMENTS = YES;
				CLANG_WARN_EMPTY_BODY = YES;
				CLANG_WARN_ENUM_CONVERSION = YES;
				CLANG_WARN_INFINITE_RECURSION = YES;
				CLANG_WARN_INT_CONVERSION = YES;
				CLANG_WARN_NON_LITERAL_NULL_CONVERSION = YES;
				CLANG_WARN_OBJC_IMPLICIT_RETAIN_SELF = YES;
				CLANG_WARN_OBJC_LITERAL_CONVERSION = YES;
				CLANG_WARN_OBJC_ROOT_CLASS = YES_ERROR;
				CLANG_WARN_QUOTED_INCLUDE_IN_FRAMEWORK_HEADER = YES;
				CLANG_WARN_RANGE_LOOP_ANALYSIS = YES;
				CLANG_WARN_STRICT_PROTOTYPES = YES;
				CLANG_WARN_SUSPICIOUS_MOVE = YES;
				CLANG_WARN_UNGUARDED_AVAILABILITY = YES_AGGRESSIVE;
				CLANG_WARN_UNREACHABLE_CODE = YES;
				CLANG_WARN__DUPLICATE_METHOD_MATCH = YES;
				COPY_PHASE_STRIP = NO;
				DEBUG_INFORMATION_FORMAT = dwarf;
				ENABLE_STRICT_OBJC_MSGSEND = YES;
				ENABLE_TESTABILITY = YES;
				GCC_C_LANGUAGE_STANDARD = gnu11;
				GCC_DYNAMIC_NO_PIC = NO;
				GCC_NO_COMMON_BLOCKS = YES;
				GCC_OPTIMIZATION_LEVEL = 0;
				GCC_PREPROCESSOR_DEFINITIONS = (
					"DEBUG=1",
					"$(inherited)",
				);
				GCC_WARN_64_TO_32_BIT_CONVERSION = YES;
				GCC_WARN_ABOUT_RETURN_TYPE = YES_ERROR;
				GCC_WARN_UNDECLARED_SELECTOR = YES;
				GCC_WARN_UNINITIALIZED_AUTOS = YES_AGGRESSIVE;
				GCC_WARN_UNUSED_FUNCTION = YES;
				GCC_WARN_UNUSED_VARIABLE = YES;
				IPHONEOS_DEPLOYMENT_TARGET = 16.2;
				MTL_ENABLE_DEBUG_INFO = INCLUDE_SOURCE;
				MTL_FAST_MATH = YES;
				ONLY_ACTIVE_ARCH = YES;
				SDKROOT = iphoneos;
				SWIFT_ACTIVE_COMPILATION_CONDITIONS = DEBUG;
				SWIFT_OPTIMIZATION_LEVEL = "-Onone";
			};
			name = Debug;
		};
		04A7180B2BCC080C0038FBF1 /* Release */ = {
			isa = XCBuildConfiguration;
			buildSettings = {
				ALWAYS_SEARCH_USER_PATHS = NO;
				CLANG_ANALYZER_NONNULL = YES;
				CLANG_ANALYZER_NUMBER_OBJECT_CONVERSION = YES_AGGRESSIVE;
				CLANG_CXX_LANGUAGE_STANDARD = "gnu++20";
				CLANG_ENABLE_MODULES = YES;
				CLANG_ENABLE_OBJC_ARC = YES;
				CLANG_ENABLE_OBJC_WEAK = YES;
				CLANG_WARN_BLOCK_CAPTURE_AUTORELEASING = YES;
				CLANG_WARN_BOOL_CONVERSION = YES;
				CLANG_WARN_COMMA = YES;
				CLANG_WARN_CONSTANT_CONVERSION = YES;
				CLANG_WARN_DEPRECATED_OBJC_IMPLEMENTATIONS = YES;
				CLANG_WARN_DIRECT_OBJC_ISA_USAGE = YES_ERROR;
				CLANG_WARN_DOCUMENTATION_COMMENTS = YES;
				CLANG_WARN_EMPTY_BODY = YES;
				CLANG_WARN_ENUM_CONVERSION = YES;
				CLANG_WARN_INFINITE_RECURSION = YES;
				CLANG_WARN_INT_CONVERSION = YES;
				CLANG_WARN_NON_LITERAL_NULL_CONVERSION = YES;
				CLANG_WARN_OBJC_IMPLICIT_RETAIN_SELF = YES;
				CLANG_WARN_OBJC_LITERAL_CONVERSION = YES;
				CLANG_WARN_OBJC_ROOT_CLASS = YES_ERROR;
				CLANG_WARN_QUOTED_INCLUDE_IN_FRAMEWORK_HEADER = YES;
				CLANG_WARN_RANGE_LOOP_ANALYSIS = YES;
				CLANG_WARN_STRICT_PROTOTYPES = YES;
				CLANG_WARN_SUSPICIOUS_MOVE = YES;
				CLANG_WARN_UNGUARDED_AVAILABILITY = YES_AGGRESSIVE;
				CLANG_WARN_UNREACHABLE_CODE = YES;
				CLANG_WARN__DUPLICATE_METHOD_MATCH = YES;
				COPY_PHASE_STRIP = NO;
				DEBUG_INFORMATION_FORMAT = "dwarf-with-dsym";
				ENABLE_NS_ASSERTIONS = NO;
				ENABLE_STRICT_OBJC_MSGSEND = YES;
				GCC_C_LANGUAGE_STANDARD = gnu11;
				GCC_NO_COMMON_BLOCKS = YES;
				GCC_WARN_64_TO_32_BIT_CONVERSION = YES;
				GCC_WARN_ABOUT_RETURN_TYPE = YES_ERROR;
				GCC_WARN_UNDECLARED_SELECTOR = YES;
				GCC_WARN_UNINITIALIZED_AUTOS = YES_AGGRESSIVE;
				GCC_WARN_UNUSED_FUNCTION = YES;
				GCC_WARN_UNUSED_VARIABLE = YES;
				IPHONEOS_DEPLOYMENT_TARGET = 16.2;
				MTL_ENABLE_DEBUG_INFO = NO;
				MTL_FAST_MATH = YES;
				SDKROOT = iphoneos;
				SWIFT_COMPILATION_MODE = wholemodule;
				SWIFT_OPTIMIZATION_LEVEL = "-O";
				VALIDATE_PRODUCT = YES;
			};
			name = Release;
		};
		04A7180D2BCC080C0038FBF1 /* Debug */ = {
			isa = XCBuildConfiguration;
			buildSettings = {
				ASSETCATALOG_COMPILER_APPICON_NAME = AppIcon;
				ASSETCATALOG_COMPILER_GLOBAL_ACCENT_COLOR_NAME = AccentColor;
				CODE_SIGN_STYLE = Automatic;
				CURRENT_PROJECT_VERSION = 1;
				GENERATE_INFOPLIST_FILE = YES;
				INFOPLIST_FILE = WuwunApp/Info.plist;
				INFOPLIST_KEY_UIApplicationSupportsIndirectInputEvents = YES;
				INFOPLIST_KEY_UILaunchStoryboardName = LaunchScreen;
				INFOPLIST_KEY_UISupportedInterfaceOrientations_iPad = "UIInterfaceOrientationPortrait UIInterfaceOrientationPortraitUpsideDown UIInterfaceOrientationLandscapeLeft UIInterfaceOrientationLandscapeRight";
				INFOPLIST_KEY_UISupportedInterfaceOrientations_iPhone = "UIInterfaceOrientationPortrait UIInterfaceOrientationLandscapeLeft UIInterfaceOrientationLandscapeRight";
				LD_RUNPATH_SEARCH_PATHS = (
					"$(inherited)",
					"@executable_path/Frameworks",
				);
				MARKETING_VERSION = 1.0;
				PRODUCT_BUNDLE_IDENTIFIER = b.WuwunApp;
				PRODUCT_NAME = "$(TARGET_NAME)";
				SUPPORTED_PLATFORMS = "iphoneos iphonesimulator";
				SUPPORTS_MACCATALYST = NO;
				SUPPORTS_MAC_DESIGNED_FOR_IPHONE_IPAD = NO;
				SWIFT_EMIT_LOC_STRINGS = YES;
				SWIFT_VERSION = 5.0;
				TARGETED_DEVICE_FAMILY = 1;
			};
			name = Debug;
		};
		04A7180E2BCC080C0038FBF1 /* Release */ = {
			isa = XCBuildConfiguration;
			buildSettings = {
				ASSETCATALOG_COMPILER_APPICON_NAME = AppIcon;
				ASSETCATALOG_COMPILER_GLOBAL_ACCENT_COLOR_NAME = AccentColor;
				CODE_SIGN_STYLE = Automatic;
				CURRENT_PROJECT_VERSION = 1;
				GENERATE_INFOPLIST_FILE = YES;
				INFOPLIST_FILE = WuwunApp/Info.plist;
				INFOPLIST_KEY_UIApplicationSupportsIndirectInputEvents = YES;
				INFOPLIST_KEY_UILaunchStoryboardName = LaunchScreen;
				INFOPLIST_KEY_UISupportedInterfaceOrientations_iPad = "UIInterfaceOrientationPortrait UIInterfaceOrientationPortraitUpsideDown UIInterfaceOrientationLandscapeLeft UIInterfaceOrientationLandscapeRight";
				INFOPLIST_KEY_UISupportedInterfaceOrientations_iPhone = "UIInterfaceOrientationPortrait UIInterfaceOrientationLandscapeLeft UIInterfaceOrientationLandscapeRight";
				LD_RUNPATH_SEARCH_PATHS = (
					"$(inherited)",
					"@executable_path/Frameworks",
				);
				MARKETING_VERSION = 1.0;
				PRODUCT_BUNDLE_IDENTIFIER = b.WuwunApp;
				PRODUCT_NAME = "$(TARGET_NAME)";
				SUPPORTED_PLATFORMS = "iphoneos iphonesimulator";
				SUPPORTS_MACCATALYST = NO;
				SUPPORTS_MAC_DESIGNED_FOR_IPHONE_IPAD = NO;
				SWIFT_EMIT_LOC_STRINGS = YES;
				SWIFT_VERSION = 5.0;
				TARGETED_DEVICE_FAMILY = 1;
			};
			name = Release;
		};
/* End XCBuildConfiguration section */

/* Begin XCConfigurationList section */
		04A717F32BCC08080038FBF1 /* Build configuration list for PBXProject "WuwunApp" */ = {
			isa = XCConfigurationList;
			buildConfigurations = (
				04A7180A2BCC080C0038FBF1 /* Debug */,
				04A7180B2BCC080C0038FBF1 /* Release */,
			);
			defaultConfigurationIsVisible = 0;
			defaultConfigurationName = Release;
		};
		04A7180C2BCC080C0038FBF1 /* Build configuration list for PBXNativeTarget "WuwunApp" */ = {
			isa = XCConfigurationList;
			buildConfigurations = (
				04A7180D2BCC080C0038FBF1 /* Debug */,
				04A7180E2BCC080C0038FBF1 /* Release */,
			);
			defaultConfigurationIsVisible = 0;
			defaultConfigurationName = Release;
		};
/* End XCConfigurationList section */
	};
	rootObject = 04A717F02BCC08080038FBF1 /* Project object */;
}
